
Microsoft Visual Studio Solution File, Format Version 12.00
# Visual Studio Version 17
VisualStudioVersion = 17.3.32901.215
MinimumVisualStudioVersion = 10.0.40219.1
Project("{FAE04EC0-301F-11D3-BF4B-00C04F79EFBC}") = "WebAPI", "WebAPI\WebAPI.csproj", "{0BFD943D-AC6E-4CAD-867E-E17466D1E6D1}"
EndProject
Project("{FAE04EC0-301F-11D3-BF4B-00C04F79EFBC}") = "Tests", "Tests\Tests.csproj", "{5BBC49DB-B40C-4984-BD8C-D02AF25502B4}"
EndProject
Project("{FAE04EC0-301F-11D3-BF4B-00C04F79EFBC}") = "Business", "Business\Business.csproj", "{C4D9036D-4941-42B6-9033-DFC7A0982C64}"
EndProject
Project("{FAE04EC0-301F-11D3-BF4B-00C04F79EFBC}") = "DataAccess", "DataAccess\DataAccess.csproj", "{31CC6374-EA13-4961-A6AB-65CC763184D7}"
EndProject
Project("{FAE04EC0-301F-11D3-BF4B-00C04F79EFBC}") = "Core", "Core\Core.csproj", "{C9700847-AE9A-419C-B932-29C9340D418D}"
EndProject
Project("{FAE04EC0-301F-11D3-BF4B-00C04F79EFBC}") = "Entities", "Entities\Entities.csproj", "{0AF78984-2C20-4A92-B7DC-AF38E19B08E0}"
EndProject
Project("{FAE04EC0-301F-11D3-BF4B-00C04F79EFBC}") = "UIPreparation", "UIPreparation\UIPreparation.csproj", "{F5701D5E-ED2B-4562-9C3C-F220B0540950}"
EndProject
Global
	GlobalSection(SolutionConfigurationPlatforms) = preSolution
		Debug|Any CPU = Debug|Any CPU
		Release|Any CPU = Release|Any CPU
	EndGlobalSection
	GlobalSection(ProjectConfigurationPlatforms) = postSolution
		{0BFD943D-AC6E-4CAD-867E-E17466D1E6D1}.Debug|Any CPU.ActiveCfg = Debug|Any CPU
		{0BFD943D-AC6E-4CAD-867E-E17466D1E6D1}.Debug|Any CPU.Build.0 = Debug|Any CPU
		{0BFD943D-AC6E-4CAD-867E-E17466D1E6D1}.Release|Any CPU.ActiveCfg = Release|Any CPU
		{0BFD943D-AC6E-4CAD-867E-E17466D1E6D1}.Release|Any CPU.Build.0 = Release|Any CPU
		{5BBC49DB-B40C-4984-BD8C-D02AF25502B4}.Debug|Any CPU.ActiveCfg = Debug|Any CPU
		{5BBC49DB-B40C-4984-BD8C-D02AF25502B4}.Debug|Any CPU.Build.0 = Debug|Any CPU
		{5BBC49DB-B40C-4984-BD8C-D02AF25502B4}.Release|Any CPU.ActiveCfg = Release|Any CPU
		{5BBC49DB-B40C-4984-BD8C-D02AF25502B4}.Release|Any CPU.Build.0 = Release|Any CPU
		{C4D9036D-4941-42B6-9033-DFC7A0982C64}.Debug|Any CPU.ActiveCfg = Debug|Any CPU
		{C4D9036D-4941-42B6-9033-DFC7A0982C64}.Debug|Any CPU.Build.0 = Debug|Any CPU
		{C4D9036D-4941-42B6-9033-DFC7A0982C64}.Release|Any CPU.ActiveCfg = Release|Any CPU
		{C4D9036D-4941-42B6-9033-DFC7A0982C64}.Release|Any CPU.Build.0 = Release|Any CPU
		{31CC6374-EA13-4961-A6AB-65CC763184D7}.Debug|Any CPU.ActiveCfg = Debug|Any CPU
		{31CC6374-EA13-4961-A6AB-65CC763184D7}.Debug|Any CPU.Build.0 = Debug|Any CPU
		{31CC6374-EA13-4961-A6AB-65CC763184D7}.Release|Any CPU.ActiveCfg = Release|Any CPU
		{31CC6374-EA13-4961-A6AB-65CC763184D7}.Release|Any CPU.Build.0 = Release|Any CPU
		{C9700847-AE9A-419C-B932-29C9340D418D}.Debug|Any CPU.ActiveCfg = Debug|Any CPU
		{C9700847-AE9A-419C-B932-29C9340D418D}.Debug|Any CPU.Build.0 = Debug|Any CPU
		{C9700847-AE9A-419C-B932-29C9340D418D}.Release|Any CPU.ActiveCfg = Release|Any CPU
		{C9700847-AE9A-419C-B932-29C9340D418D}.Release|Any CPU.Build.0 = Release|Any CPU
		{0AF78984-2C20-4A92-B7DC-AF38E19B08E0}.Debug|Any CPU.ActiveCfg = Debug|Any CPU
		{0AF78984-2C20-4A92-B7DC-AF38E19B08E0}.Debug|Any CPU.Build.0 = Debug|Any CPU
		{0AF78984-2C20-4A92-B7DC-AF38E19B08E0}.Release|Any CPU.ActiveCfg = Release|Any CPU
		{0AF78984-2C20-4A92-B7DC-AF38E19B08E0}.Release|Any CPU.Build.0 = Release|Any CPU
		{F5701D5E-ED2B-4562-9C3C-F220B0540950}.Debug|Any CPU.ActiveCfg = Debug|Any CPU
		{F5701D5E-ED2B-4562-9C3C-F220B0540950}.Debug|Any CPU.Build.0 = Debug|Any CPU
		{F5701D5E-ED2B-4562-9C3C-F220B0540950}.Release|Any CPU.ActiveCfg = Release|Any CPU
		{F5701D5E-ED2B-4562-9C3C-F220B0540950}.Release|Any CPU.Build.0 = Release|Any CPU
	EndGlobalSection
	GlobalSection(SolutionProperties) = preSolution
		HideSolutionNode = FALSE
	EndGlobalSection
	GlobalSection(ExtensibilityGlobals) = postSolution
		SolutionGuid = {AAFA4F5A-31FF-4ED6-B1B5-1816232CB1AC}
	EndGlobalSection
EndGlobal
